# This file is automatically @generated by Cargo.
# It is not intended for manual editing.
version = 4

[[package]]
name = "bit_field"
version = "0.10.3"
source = "registry+https://github.com/rust-lang/crates.io-index"
checksum = "1e4b40c7323adcfc0a41c4b88143ed58346ff65a288fc144329c5c45e05d70c6"

[[package]]
name = "bitflags"
version = "2.11.0"
source = "registry+https://github.com/rust-lang/crates.io-index"
checksum = "843867be96c8daad0d758b57df9392b6d8d271134fce549de6ce169ff98a92af"

[[package]]
name = "cfg-if"
version = "1.0.4"
source = "registry+https://github.com/rust-lang/crates.io-index"
checksum = "9330f8b2ff13f34540b44e946ef35111825727b38d33286ef986142615121801"

[[package]]
name = "init"
version = "0.1.0"
dependencies = [
 "libc-lite",
]

[[package]]
name = "libc-lite"
version = "0.1.0"

[[package]]
name = "libcore-user"
version = "0.1.0"

[[package]]
name = "log"
version = "0.4.29"
source = "registry+https://github.com/rust-lang/crates.io-index"
checksum = "5e5032e24019045c762d3c0f28f5b6b8bbf38563a65908389bf7978758920897"

[[package]]
name = "proc-macro2"
version = "1.0.106"
source = "registry+https://github.com/rust-lang/crates.io-index"
checksum = "8fd00f0bb2e90d81d1044c2b32617f68fcb9fa3bb7640c23e9c748e53fb30934"
dependencies = [
 "unicode-ident",
]

[[package]]
name = "ptr_meta"
version = "0.3.1"
source = "registry+https://github.com/rust-lang/crates.io-index"
checksum = "0b9a0cf95a1196af61d4f1cbdab967179516d9a4a4312af1f31948f8f6224a79"
dependencies = [
 "ptr_meta_derive",
]

[[package]]
name = "ptr_meta_derive"
version = "0.3.1"
source = "registry+https://github.com/rust-lang/crates.io-index"
checksum = "7347867d0a7e1208d93b46767be83e2b8f978c3dad35f775ac8d8847551d6fe1"
dependencies = [
 "proc-macro2",
 "quote",
 "syn",
]

[[package]]
name = "quote"
version = "1.0.45"
source = "registry+https://github.com/rust-lang/crates.io-index"
checksum = "41f2619966050689382d2b44f664f4bc593e129785a36d6ee376ddf37259b924"
dependencies = [
 "proc-macro2",
]

[[package]]
name = "racore"
version = "0.1.0"

[[package]]
name = "racos-basename"
version = "0.1.0"
dependencies = [
 "libc-lite",
]

[[package]]
name = "racos-boot"
version = "0.1.0"
dependencies = [
 "log",
 "uefi",
]

[[package]]
name = "racos-cat"
version = "0.1.0"
dependencies = [
 "libc-lite",
]

[[package]]
name = "racos-cp"
version = "0.1.0"
dependencies = [
 "libc-lite",
]

[[package]]
name = "racos-cut"
version = "0.1.0"
dependencies = [
 "libc-lite",
]

[[package]]
name = "racos-df"
version = "0.1.0"
dependencies = [
 "libc-lite",
]

[[package]]
name = "racos-dig"
version = "0.1.0"
dependencies = [
 "libc-lite",
]

[[package]]
name = "racos-dirname"
version = "0.1.0"
dependencies = [
 "libc-lite",
]

[[package]]
name = "racos-echo"
version = "0.1.0"
dependencies = [
 "libc-lite",
]

[[package]]
name = "racos-env"
version = "0.1.0"
dependencies = [
 "libc-lite",
]

[[package]]
name = "racos-false"
version = "0.1.0"
dependencies = [
 "libc-lite",
]

[[package]]
name = "racos-find"
version = "0.1.0"
dependencies = [
 "libc-lite",
]

[[package]]
name = "racos-grep"
version = "0.1.0"
dependencies = [
 "libc-lite",
]

[[package]]
name = "racos-head"
version = "0.1.0"
dependencies = [
 "libc-lite",
]

[[package]]
name = "racos-hello"
version = "0.1.0"
dependencies = [
 "libc-lite",
]

[[package]]
name = "racos-hexdump"
version = "0.1.0"
dependencies = [
 "libc-lite",
]

[[package]]
name = "racos-id"
version = "0.1.0"
dependencies = [
 "libc-lite",
]

[[package]]
name = "racos-init"
version = "0.1.0"
dependencies = [
 "libc-lite",
]

[[package]]
name = "racos-ls"
version = "0.1.0"
dependencies = [
 "libc-lite",
]

[[package]]
name = "racos-mkdir"
version = "0.1.0"
dependencies = [
 "libc-lite",
]

[[package]]
name = "racos-mount"
version = "0.1.0"
dependencies = [
 "libc-lite",
]

[[package]]
name = "racos-mv"
version = "0.1.0"
dependencies = [
 "libc-lite",
]

[[package]]
name = "racos-netloop"
version = "0.1.0"
dependencies = [
 "libc-lite",
]

[[package]]
name = "racos-od"
version = "0.1.0"
dependencies = [
 "libc-lite",
]

[[package]]
name = "racos-rm"
version = "0.1.0"
dependencies = [
 "libc-lite",
]

[[package]]
name = "racos-sh"
version = "0.1.0"
dependencies = [
 "libc-lite",
 "racsh",
]

[[package]]
name = "racos-sleep"
version = "0.1.0"
dependencies = [
 "libc-lite",
]

[[package]]
name = "racos-tail"
version = "0.1.0"
dependencies = [
 "libc-lite",
]

[[package]]
name = "racos-tee"
version = "0.1.0"
dependencies = [
 "libc-lite",
]

[[package]]
name = "racos-test"
version = "0.1.0"
dependencies = [
 "libc-lite",
]

[[package]]
name = "racos-true"
version = "0.1.0"
dependencies = [
 "libc-lite",
]

[[package]]
name = "racos-uniq"
version = "0.1.0"
dependencies = [
 "libc-lite",
]

[[package]]
name = "racos-uptime"
version = "0.1.0"
dependencies = [
 "libc-lite",
]

[[package]]
name = "racos-wc"
version = "0.1.0"
dependencies = [
 "libc-lite",
]

[[package]]
name = "racos-wget"
version = "0.1.0"
dependencies = [
 "libc-lite",
]

[[package]]
name = "racsh"
version = "0.1.0"
dependencies = [
 "libc-lite",
]

[[package]]
name = "racterm"
version = "0.1.0"
dependencies = [
 "libc-lite",
]

[[package]]
name = "rapt"
version = "0.1.0"
dependencies = [
 "libc-lite",
]

[[package]]
name = "rpkg"
version = "0.1.0"
dependencies = [
 "libc-lite",
]

[[package]]
name = "syn"
version = "2.0.117"
source = "registry+https://github.com/rust-lang/crates.io-index"
checksum = "e665b8803e7b1d2a727f4023456bbbbe74da67099c585258af0ad9c5013b9b99"
dependencies = [
 "proc-macro2",
 "quote",
 "unicode-ident",
]

[[package]]
name = "ucs2"
version = "0.3.3"
source = "registry+https://github.com/rust-lang/crates.io-index"
checksum = "df79298e11f316400c57ec268f3c2c29ac3c4d4777687955cd3d4f3a35ce7eba"
dependencies = [
 "bit_field",
]

[[package]]
name = "uefi"
version = "0.34.1"
source = "registry+https://github.com/rust-lang/crates.io-index"
checksum = "c25038e420a68d30a0e8002a3b51c075ad2342f5ae7a2383f042bd41fef73272"
dependencies = [
 "bitflags",
 "cfg-if",
 "log",
 "ptr_meta",
 "ucs2",
 "uefi-macros",
 "uefi-raw",
 "uguid",
]

[[package]]
name = "uefi-macros"
version = "0.18.1"
source = "registry+https://github.com/rust-lang/crates.io-index"
checksum = "b3dad47b3af8f99116c0f6d4d669c439487d9aaf1c8d9480d686cda6f3a8aa23"
dependencies = [
 "proc-macro2",
 "quote",
 "syn",
]

[[package]]
name = "uefi-raw"
version = "0.10.0"
source = "registry+https://github.com/rust-lang/crates.io-index"
checksum = "d246ed5d6fd71c0331f0ac774a6aefb6cb9170a46f83148cacc70b09f82c87bb"
dependencies = [
 "bitflags",
 "uguid",
]

[[package]]
name = "uguid"
version = "2.2.1"
source = "registry+https://github.com/rust-lang/crates.io-index"
checksum = "0c8352f8c05e47892e7eaf13b34abd76a7f4aeaf817b716e88789381927f199c"

[[package]]
name = "unicode-ident"
version = "1.0.24"
source = "registry+https://github.com/rust-lang/crates.io-index"
checksum = "e6e4313cd5fcd3dad5cafa179702e2b244f760991f45397d14d4ebf38247da75"
