# This file is automatically @generated by Cargo.
# It is not intended for manual editing.
version = 4

[[package]]
name = "libc-lite"
version = "0.1.0"

[[package]]
name = "libcore-user"
version = "0.1.0"

[[package]]
name = "racinit"
version = "0.1.0"

[[package]]
name = "racore"
version = "0.1.0"

[[package]]
name = "racos-boot"
version = "0.1.0"

[[package]]
name = "racsh"
version = "0.1.0"

[[package]]
name = "racterm"
version = "0.1.0"

[[package]]
name = "rapt"
version = "0.1.0"

[[package]]
name = "rpkg"
version = "0.1.0"
